
Microsoft Visual Studio Solution File, Format Version 12.00
# Visual Studio Version 17
VisualStudioVersion = 17.1.32319.34
MinimumVisualStudioVersion = 10.0.40219.1
Project("{FAE04EC0-301F-11D3-BF4B-00C04F79EFBC}") = "ClassMetotDemo", "ClassMetotDemo\ClassMetotDemo.csproj", "{98B8B8CF-48BF-4C0C-80F0-50F1ACCAD778}"
EndProject
Global
	GlobalSection(SolutionConfigurationPlatforms) = preSolution
		Debug|Any CPU = Debug|Any CPU
		Release|Any CPU = Release|Any CPU
	EndGlobalSection
	GlobalSection(ProjectConfigurationPlatforms) = postSolution
		{98B8B8CF-48BF-4C0C-80F0-50F1ACCAD778}.Debug|Any CPU.ActiveCfg = Debug|Any CPU
		{98B8B8CF-48BF-4C0C-80F0-50F1ACCAD778}.Debug|Any CPU.Build.0 = Debug|Any CPU
		{98B8B8CF-48BF-4C0C-80F0-50F1ACCAD778}.Release|Any CPU.ActiveCfg = Release|Any CPU
		{98B8B8CF-48BF-4C0C-80F0-50F1ACCAD778}.Release|Any CPU.Build.0 = Release|Any CPU
	EndGlobalSection
	GlobalSection(SolutionProperties) = preSolution
		HideSolutionNode = FALSE
	EndGlobalSection
	GlobalSection(ExtensibilityGlobals) = postSolution
		SolutionGuid = {E6F5B9D4-BCDD-4D59-A0E2-8A9F41F74423}
	EndGlobalSection
EndGlobal
